
Microsoft Visual Studio Solution File, Format Version 12.00
# Visual Studio 15
VisualStudioVersion = 15.0.26730.15
MinimumVisualStudioVersion = 10.0.40219.1
Project("{FAE04EC0-301F-11D3-BF4B-00C04F79EFBC}") = "SIProduksi", "SIProduksi\SIProduksi.csproj", "{8E04E3FC-4172-47A8-BE05-281F966BBBD1}"
EndProject
Project("{FAE04EC0-301F-11D3-BF4B-00C04F79EFBC}") = "Produksi_LIB", "Produksi_LIB\Produksi_LIB.csproj", "{BA758F12-43A9-40BA-9F3E-04375FB605E5}"
EndProject
Global
	GlobalSection(SolutionConfigurationPlatforms) = preSolution
		Debug|Any CPU = Debug|Any CPU
		Release|Any CPU = Release|Any CPU
	EndGlobalSection
	GlobalSection(ProjectConfigurationPlatforms) = postSolution
		{8E04E3FC-4172-47A8-BE05-281F966BBBD1}.Debug|Any CPU.ActiveCfg = Debug|Any CPU
		{8E04E3FC-4172-47A8-BE05-281F966BBBD1}.Debug|Any CPU.Build.0 = Debug|Any CPU
		{8E04E3FC-4172-47A8-BE05-281F966BBBD1}.Release|Any CPU.ActiveCfg = Release|Any CPU
		{8E04E3FC-4172-47A8-BE05-281F966BBBD1}.Release|Any CPU.Build.0 = Release|Any CPU
		{BA758F12-43A9-40BA-9F3E-04375FB605E5}.Debug|Any CPU.ActiveCfg = Debug|Any CPU
		{BA758F12-43A9-40BA-9F3E-04375FB605E5}.Debug|Any CPU.Build.0 = Debug|Any CPU
		{BA758F12-43A9-40BA-9F3E-04375FB605E5}.Release|Any CPU.ActiveCfg = Release|Any CPU
		{BA758F12-43A9-40BA-9F3E-04375FB605E5}.Release|Any CPU.Build.0 = Release|Any CPU
	EndGlobalSection
	GlobalSection(SolutionProperties) = preSolution
		HideSolutionNode = FALSE
	EndGlobalSection
	GlobalSection(ExtensibilityGlobals) = postSolution
		SolutionGuid = {99ADC760-5B76-47BE-B1D9-55A83E6A5986}
	EndGlobalSection
EndGlobal
